{
  "name": "@bentley/simple-viewer-app",
  "version": "0.0.0",
  "lockfileVersion": 1,
  "requires": true,
  "dependencies": {
    "calculator-backend": {
      "version": "file:../Civil/Calculator/output/backend",
      "requires": {
        "@bentley/geometry-core": "0.190.0",
        "@bentley/imodeljs-native": "0.102.3"
      },
      "dependencies": {
        "@bentley/geometry-core": {
          "version": "0.190.0",
          "bundled": true
        },
        "@bentley/imodeljs-native": {
          "version": "0.102.3",
          "bundled": true
        }
      }
    },
    "calculator-frontend": {
      "version": "file:../Civil/Calculator/output/frontend",
      "requires": {
        "@bentley/geometry-core": "0.190.0"
      },
      "dependencies": {
        "@bentley/geometry-core": {
          "version": "0.190.0",
          "bundled": true
        }
      }
    }
  }
}
